# THIS IS AN AUTOGENERATED FILE. DO NOT EDIT THIS FILE DIRECTLY.
# yarn lockfile v1


amqplib@^0.5.1:
  version "0.5.1"
  resolved "https://registry.npmjs.org/amqplib/-/amqplib-0.5.1.tgz#7cccfebabe56c2e984ea7a2243f7cefe6fbfc6cf"
  dependencies:
    bitsyntax "~0.0.4"
    bluebird "^3.4.6"
    buffer-more-ints "0.0.2"
    readable-stream "1.x >=1.1.9"

async@^2.1.4:
  version "2.5.0"
  resolved "https://registry.npmjs.org/async/-/async-2.5.0.tgz#843190fd6b7357a0b9e1c956edddd5ec8462b54d"
  dependencies:
    lodash "^4.14.0"

bitsyntax@~0.0.4:
  version "0.0.4"
  resolved "https://registry.npmjs.org/bitsyntax/-/bitsyntax-0.0.4.tgz#eb10cc6f82b8c490e3e85698f07e83d46e0cba82"
  dependencies:
    buffer-more-ints "0.0.2"

bluebird@^3.4.6:
  version "3.5.0"
  resolved "https://registry.npmjs.org/bluebird/-/bluebird-3.5.0.tgz#791420d7f551eea2897453a8a77653f96606d67c"

bson@~1.0.4:
  version "1.0.4"
  resolved "https://registry.npmjs.org/bson/-/bson-1.0.4.tgz#93c10d39eaa5b58415cbc4052f3e53e562b0b72c"

buffer-more-ints@0.0.2:
  version "0.0.2"
  resolved "https://registry.npmjs.org/buffer-more-ints/-/buffer-more-ints-0.0.2.tgz#26b3885d10fa13db7fc01aae3aab870199e0124c"

buffer-shims@~1.0.0:
  version "1.0.0"
  resolved "https://registry.npmjs.org/buffer-shims/-/buffer-shims-1.0.0.tgz#9978ce317388c649ad8793028c3477ef044a8b51"

chance@^1.0.10:
  version "1.0.10"
  resolved "https://registry.npmjs.org/chance/-/chance-1.0.10.tgz#03500b04ad94e778dd2891b09ec73a6ad87b1996"

core-util-is@~1.0.0:
  version "1.0.2"
  resolved "https://registry.npmjs.org/core-util-is/-/core-util-is-1.0.2.tgz#b5fd54220aa2bc5ab57aab7140c940754503c1a7"

debug@^2.1.3, debug@^2.6.0:
  version "2.6.8"
  resolved "https://registry.npmjs.org/debug/-/debug-2.6.8.tgz#e731531ca2ede27d188222427da17821d68ff4fc"
  dependencies:
    ms "2.0.0"

deep-freeze@0.0.1:
  version "0.0.1"
  resolved "https://registry.npmjs.org/deep-freeze/-/deep-freeze-0.0.1.tgz#3a0b0005de18672819dfd38cd31f91179c893e84"

es6-promise@3.2.1:
  version "3.2.1"
  resolved "https://registry.npmjs.org/es6-promise/-/es6-promise-3.2.1.tgz#ec56233868032909207170c39448e24449dd1fc4"

forward-emitter@^0.1.1:
  version "0.1.1"
  resolved "https://registry.npmjs.org/forward-emitter/-/forward-emitter-0.1.1.tgz#56edd0c082250edba334e0b922ffd2c01939dee1"

generate-random-data@^0.0.3:
  version "0.0.3"
  resolved "https://registry.npmjs.org/generate-random-data/-/generate-random-data-0.0.3.tgz#0fd9af2d93d50dbac8aa5b33efd5db1059e5d87e"
  dependencies:
    moment "^2.11.2"

individual@^2.0.0:
  version "2.0.0"
  resolved "https://registry.npmjs.org/individual/-/individual-2.0.0.tgz#833b097dad23294e76117a98fb38e0d9ad61bb97"

inherits@~2.0.1:
  version "2.0.3"
  resolved "https://registry.npmjs.org/inherits/-/inherits-2.0.3.tgz#633c2c83e3da42a502f52466022480f4208261de"

isarray@0.0.1:
  version "0.0.1"
  resolved "https://registry.npmjs.org/isarray/-/isarray-0.0.1.tgz#8a18acfca9a8f4177e09abfc6038939b05d1eedf"

isarray@~1.0.0:
  version "1.0.0"
  resolved "https://registry.npmjs.org/isarray/-/isarray-1.0.0.tgz#bb935d48582cba168c06834957a54a3e07124f11"

lodash@^3.5.0:
  version "3.10.1"
  resolved "https://registry.npmjs.org/lodash/-/lodash-3.10.1.tgz#5bf45e8e49ba4189e17d482789dfd15bd140b7b6"

lodash@^4.14.0, lodash@^4.17.4:
  version "4.17.4"
  resolved "https://registry.npmjs.org/lodash/-/lodash-4.17.4.tgz#78203a4d1c328ae1d86dca6460e369b57f4055ae"

lodash@~2.4.1:
  version "2.4.2"
  resolved "https://registry.npmjs.org/lodash/-/lodash-2.4.2.tgz#fadd834b9683073da179b3eae6d9c0d15053f73e"

lru-cache@^4.0.2:
  version "4.1.1"
  resolved "https://registry.npmjs.org/lru-cache/-/lru-cache-4.1.1.tgz#622e32e82488b49279114a4f9ecf45e7cd6bba55"
  dependencies:
    pseudomap "^1.0.2"
    yallist "^2.1.2"

merge-defaults@^0.2.1:
  version "0.2.1"
  resolved "https://registry.npmjs.org/merge-defaults/-/merge-defaults-0.2.1.tgz#dd42248eb96bb6a51521724321c72ff9583dde80"
  dependencies:
    lodash "~2.4.1"

moment@^2.11.2:
  version "2.18.1"
  resolved "https://registry.npmjs.org/moment/-/moment-2.18.1.tgz#c36193dd3ce1c2eed2adb7c802dbbc77a81b1c0f"

mongodb-core@2.1.14:
  version "2.1.14"
  resolved "https://registry.npmjs.org/mongodb-core/-/mongodb-core-2.1.14.tgz#13cba2764226b5be3d18992af0c963ce5ea0f0fd"
  dependencies:
    bson "~1.0.4"
    require_optional "~1.0.0"

mongodb@^2.2.29:
  version "2.2.30"
  resolved "https://registry.npmjs.org/mongodb/-/mongodb-2.2.30.tgz#8ccd801f676c8172040c2f2b47e9602a0d5634ab"
  dependencies:
    es6-promise "3.2.1"
    mongodb-core "2.1.14"
    readable-stream "2.2.7"

ms@2.0.0:
  version "2.0.0"
  resolved "https://registry.npmjs.org/ms/-/ms-2.0.0.tgz#5608aeadfc00be6c2901df5f9861788de0d597c8"

once@^1.4.0:
  version "1.4.0"
  resolved "https://registry.npmjs.org/once/-/once-1.4.0.tgz#583b1aa775961d4b113ac17d9c50baef9dd76bd1"
  dependencies:
    wrappy "1"

pressure-stream@^1.0.0:
  version "1.0.0"
  resolved "https://registry.npmjs.org/pressure-stream/-/pressure-stream-1.0.0.tgz#37cdc10e9374462ce57113a65a1d22e8ae6d59d7"
  dependencies:
    once "^1.4.0"
    through2 "^2.0.3"

process-nextick-args@~1.0.6:
  version "1.0.7"
  resolved "https://registry.npmjs.org/process-nextick-args/-/process-nextick-args-1.0.7.tgz#150e20b756590ad3f91093f25a4f2ad8bff30ba3"

pseudomap@^1.0.2:
  version "1.0.2"
  resolved "https://registry.npmjs.org/pseudomap/-/pseudomap-1.0.2.tgz#f052a28da70e618917ef0a8ac34c1ae5a68286b3"

rascal@^1.1.0:
  version "1.1.0"
  resolved "https://registry.npmjs.org/rascal/-/rascal-1.1.0.tgz#7093df116095122f2101fdf96db65cb59611d0ea"
  dependencies:
    amqplib "^0.5.1"
    async "^2.1.4"
    debug "^2.6.0"
    deep-freeze "0.0.1"
    forward-emitter "^0.1.1"
    lodash "^4.17.4"
    lru-cache "^4.0.2"
    merge-defaults "^0.2.1"
    safe-json-parse "^4.0.0"
    stashback "^0.1.2"
    uuid "^3.0.1"
    xregexp "^3.1.1"

"readable-stream@1.x >=1.1.9":
  version "1.1.14"
  resolved "https://registry.npmjs.org/readable-stream/-/readable-stream-1.1.14.tgz#7cf4c54ef648e3813084c636dd2079e166c081d9"
  dependencies:
    core-util-is "~1.0.0"
    inherits "~2.0.1"
    isarray "0.0.1"
    string_decoder "~0.10.x"

readable-stream@2.2.7, readable-stream@^2.1.5:
  version "2.2.7"
  resolved "https://registry.npmjs.org/readable-stream/-/readable-stream-2.2.7.tgz#07057acbe2467b22042d36f98c5ad507054e95b1"
  dependencies:
    buffer-shims "~1.0.0"
    core-util-is "~1.0.0"
    inherits "~2.0.1"
    isarray "~1.0.0"
    process-nextick-args "~1.0.6"
    string_decoder "~1.0.0"
    util-deprecate "~1.0.1"

require_optional@~1.0.0:
  version "1.0.1"
  resolved "https://registry.npmjs.org/require_optional/-/require_optional-1.0.1.tgz#4cf35a4247f64ca3df8c2ef208cc494b1ca8fc2e"
  dependencies:
    resolve-from "^2.0.0"
    semver "^5.1.0"

resolve-from@^2.0.0:
  version "2.0.0"
  resolved "https://registry.npmjs.org/resolve-from/-/resolve-from-2.0.0.tgz#9480ab20e94ffa1d9e80a804c7ea147611966b57"

rust-result@^1.0.0:
  version "1.0.0"
  resolved "https://registry.npmjs.org/rust-result/-/rust-result-1.0.0.tgz#34c75b2e6dc39fe5875e5bdec85b5e0f91536f72"
  dependencies:
    individual "^2.0.0"

safe-buffer@~5.1.0:
  version "5.1.1"
  resolved "https://registry.npmjs.org/safe-buffer/-/safe-buffer-5.1.1.tgz#893312af69b2123def71f57889001671eeb2c853"

safe-json-parse@^4.0.0:
  version "4.0.0"
  resolved "https://registry.npmjs.org/safe-json-parse/-/safe-json-parse-4.0.0.tgz#7c0f578cfccd12d33a71c0e05413e2eca171eaac"
  dependencies:
    rust-result "^1.0.0"

semver@^5.1.0:
  version "5.3.0"
  resolved "https://registry.npmjs.org/semver/-/semver-5.3.0.tgz#9b2ce5d3de02d17c6012ad326aa6b4d0cf54f94f"

split2@^2.1.1:
  version "2.1.1"
  resolved "https://registry.npmjs.org/split2/-/split2-2.1.1.tgz#7a1f551e176a90ecd3345f7246a0cfe175ef4fd0"
  dependencies:
    through2 "^2.0.2"

stashback@^0.1.2:
  version "0.1.2"
  resolved "https://registry.npmjs.org/stashback/-/stashback-0.1.2.tgz#71f802efd10c6d6a938d86cccc6e9a602152dbf2"
  dependencies:
    debug "^2.1.3"
    lodash "^3.5.0"

string_decoder@~0.10.x:
  version "0.10.31"
  resolved "https://registry.npmjs.org/string_decoder/-/string_decoder-0.10.31.tgz#62e203bc41766c6c28c9fc84301dab1c5310fa94"

string_decoder@~1.0.0:
  version "1.0.3"
  resolved "https://registry.npmjs.org/string_decoder/-/string_decoder-1.0.3.tgz#0fc67d7c141825de94282dd536bec6b9bce860ab"
  dependencies:
    safe-buffer "~5.1.0"

through2@^2.0.2, through2@^2.0.3:
  version "2.0.3"
  resolved "https://registry.npmjs.org/through2/-/through2-2.0.3.tgz#0004569b37c7c74ba39c43f3ced78d1ad94140be"
  dependencies:
    readable-stream "^2.1.5"
    xtend "~4.0.1"

util-deprecate@~1.0.1:
  version "1.0.2"
  resolved "https://registry.npmjs.org/util-deprecate/-/util-deprecate-1.0.2.tgz#450d4dc9fa70de732762fbd2d4a28981419a0ccf"

uuid@^3.0.1:
  version "3.1.0"
  resolved "https://registry.npmjs.org/uuid/-/uuid-3.1.0.tgz#3dd3d3e790abc24d7b0d3a034ffababe28ebbc04"

wrappy@1:
  version "1.0.2"
  resolved "https://registry.npmjs.org/wrappy/-/wrappy-1.0.2.tgz#b5243d8f3ec1aa35f1364605bc0d1036e30ab69f"

xregexp@^3.1.1:
  version "3.2.0"
  resolved "https://registry.npmjs.org/xregexp/-/xregexp-3.2.0.tgz#cb3601987bfe2695b584000c18f1c4a8c322878e"

xtend@~4.0.1:
  version "4.0.1"
  resolved "https://registry.npmjs.org/xtend/-/xtend-4.0.1.tgz#a5c6d532be656e23db820efb943a1f04998d63af"

yallist@^2.1.2:
  version "2.1.2"
  resolved "https://registry.npmjs.org/yallist/-/yallist-2.1.2.tgz#1c11f9218f076089a47dd512f93c6699a6a81d52"
